{
  "object": {
    "pins": [
      {
        "package": "AnyCodable",
        "repositoryURL": "https://github.com/Flight-School/AnyCodable",
        "state": {
          "branch": null,
          "revision": "6e9610258e9f1044b5e0d88545052846448b43c3",
          "version": "0.2.3"
        }
      },
      {
        "package": "Datasource",
        "repositoryURL": "https://github.com/OpenParkingApp/Datasource.git",
        "state": {
          "branch": null,
          "revision": "5a37681c6da96d5568e3b1cc42ce249f6d9b2c74",
          "version": "0.7.0"
        }
      },
      {
        "package": "HTMLString",
        "repositoryURL": "https://github.com/alexaubry/HTMLString",
        "state": {
          "branch": null,
          "revision": "373048cc4084dd7481c86e3bee41612eff93b14d",
          "version": "5.0.0"
        }
      },
      {
        "package": "SwiftSoup",
        "repositoryURL": "https://github.com/scinfu/SwiftSoup",
        "state": {
          "branch": null,
          "revision": "774dc9c7213085db8aa59595e27c1cd22e428904",
          "version": "2.3.2"
        }
      }
    ]
  },
  "version": 1
}
